
Microsoft Visual Studio Solution File, Format Version 12.00
# Visual Studio 15
VisualStudioVersion = 15.0.27130.2020
MinimumVisualStudioVersion = 10.0.40219.1
Project("{888888A0-9F3D-457C-B088-3A5042F75D52}") = "api", "api.pyproj", "{4BE8F3E5-BEA4-40E9-91DA-8C8917CABF18}"
EndProject
Global
	GlobalSection(SolutionConfigurationPlatforms) = preSolution
		Debug|Any CPU = Debug|Any CPU
		Release|Any CPU = Release|Any CPU
	EndGlobalSection
	GlobalSection(ProjectConfigurationPlatforms) = postSolution
		{4BE8F3E5-BEA4-40E9-91DA-8C8917CABF18}.Debug|Any CPU.ActiveCfg = Debug|Any CPU
		{4BE8F3E5-BEA4-40E9-91DA-8C8917CABF18}.Release|Any CPU.ActiveCfg = Release|Any CPU
	EndGlobalSection
	GlobalSection(SolutionProperties) = preSolution
		HideSolutionNode = FALSE
	EndGlobalSection
	GlobalSection(ExtensibilityGlobals) = postSolution
		SolutionGuid = {26BA4AA6-36D5-4262-886A-8E3D815B7D95}
	EndGlobalSection
EndGlobal
